
Microsoft Visual Studio Solution File, Format Version 12.00
# Visual Studio Version 17
VisualStudioVersion = 17.1.32407.343
MinimumVisualStudioVersion = 10.0.40219.1
Project("{FAE04EC0-301F-11D3-BF4B-00C04F79EFBC}") = "Prodotto_Catalogo", "Prodotto_Catalogo.csproj", "{F94FA9E7-608D-45CB-A04F-2BFDFDCC5036}"
EndProject
Global
	GlobalSection(SolutionConfigurationPlatforms) = preSolution
		Debug|Any CPU = Debug|Any CPU
		Release|Any CPU = Release|Any CPU
	EndGlobalSection
	GlobalSection(ProjectConfigurationPlatforms) = postSolution
		{F94FA9E7-608D-45CB-A04F-2BFDFDCC5036}.Debug|Any CPU.ActiveCfg = Debug|Any CPU
		{F94FA9E7-608D-45CB-A04F-2BFDFDCC5036}.Debug|Any CPU.Build.0 = Debug|Any CPU
		{F94FA9E7-608D-45CB-A04F-2BFDFDCC5036}.Release|Any CPU.ActiveCfg = Release|Any CPU
		{F94FA9E7-608D-45CB-A04F-2BFDFDCC5036}.Release|Any CPU.Build.0 = Release|Any CPU
	EndGlobalSection
	GlobalSection(SolutionProperties) = preSolution
		HideSolutionNode = FALSE
	EndGlobalSection
	GlobalSection(ExtensibilityGlobals) = postSolution
		SolutionGuid = {4599B47D-A2E8-430B-96DE-94648431A60E}
	EndGlobalSection
EndGlobal
